
Microsoft Visual Studio Solution File, Format Version 12.00
# Visual Studio 14
VisualStudioVersion = 14.0.25420.1
MinimumVisualStudioVersion = 10.0.40219.1
Project("{FAE04EC0-301F-11D3-BF4B-00C04F79EFBC}") = "ClassLibrary", "ClassLibrary\ClassLibrary.csproj", "{75CFB4D3-13EB-4A6B-AB31-3F05F59AD488}"
EndProject
Project("{FAE04EC0-301F-11D3-BF4B-00C04F79EFBC}") = "ConsoleApplication", "ConsoleApplication\ConsoleApplication.csproj", "{24BC9DCC-4D2A-48AE-9187-3BB4F1D0FE4B}"
EndProject
Project("{8BB2217D-0F2D-49D1-97BC-3654ED321F3B}") = "WebApplication", "WebApplication\WebApplication.xproj", "{806135BE-56F4-4AAF-87A4-F9A6032E8045}"
EndProject
Global
	GlobalSection(SolutionConfigurationPlatforms) = preSolution
		Debug|Any CPU = Debug|Any CPU
		Release|Any CPU = Release|Any CPU
	EndGlobalSection
	GlobalSection(ProjectConfigurationPlatforms) = postSolution
		{75CFB4D3-13EB-4A6B-AB31-3F05F59AD488}.Debug|Any CPU.ActiveCfg = Debug|Any CPU
		{75CFB4D3-13EB-4A6B-AB31-3F05F59AD488}.Debug|Any CPU.Build.0 = Debug|Any CPU
		{75CFB4D3-13EB-4A6B-AB31-3F05F59AD488}.Release|Any CPU.ActiveCfg = Release|Any CPU
		{75CFB4D3-13EB-4A6B-AB31-3F05F59AD488}.Release|Any CPU.Build.0 = Release|Any CPU
		{24BC9DCC-4D2A-48AE-9187-3BB4F1D0FE4B}.Debug|Any CPU.ActiveCfg = Debug|Any CPU
		{24BC9DCC-4D2A-48AE-9187-3BB4F1D0FE4B}.Debug|Any CPU.Build.0 = Debug|Any CPU
		{24BC9DCC-4D2A-48AE-9187-3BB4F1D0FE4B}.Release|Any CPU.ActiveCfg = Release|Any CPU
		{24BC9DCC-4D2A-48AE-9187-3BB4F1D0FE4B}.Release|Any CPU.Build.0 = Release|Any CPU
		{806135BE-56F4-4AAF-87A4-F9A6032E8045}.Debug|Any CPU.ActiveCfg = Debug|Any CPU
		{806135BE-56F4-4AAF-87A4-F9A6032E8045}.Debug|Any CPU.Build.0 = Debug|Any CPU
		{806135BE-56F4-4AAF-87A4-F9A6032E8045}.Release|Any CPU.ActiveCfg = Release|Any CPU
		{806135BE-56F4-4AAF-87A4-F9A6032E8045}.Release|Any CPU.Build.0 = Release|Any CPU
	EndGlobalSection
	GlobalSection(SolutionProperties) = preSolution
		HideSolutionNode = FALSE
	EndGlobalSection
EndGlobal
